// !$*UTF8*$!
{
	archiveVersion = 1;
	classes = {
	};
	objectVersion = 46;
	objects = {

/* Begin PBXBuildFile section */
		704722321F6568FA00F54D97 /* AppDelegate.swift in Sources */ = {isa = PBXBuildFile; fileRef = 704722311F6568FA00F54D97 /* AppDelegate.swift */; };
		704722341F6568FA00F54D97 /* ViewController.swift in Sources */ = {isa = PBXBuildFile; fileRef = 704722331F6568FA00F54D97 /* ViewController.swift */; };
		704722371F6568FA00F54D97 /* Main.storyboard in Resources */ = {isa = PBXBuildFile; fileRef = 704722351F6568FA00F54D97 /* Main.storyboard */; };
		704722391F6568FA00F54D97 /* Assets.xcassets in Resources */ = {isa = PBXBuildFile; fileRef = 704722381F6568FA00F54D97 /* Assets.xcassets */; };
		7047223C1F6568FA00F54D97 /* LaunchScreen.storyboard in Resources */ = {isa = PBXBuildFile; fileRef = 7047223A1F6568FA00F54D97 /* LaunchScreen.storyboard */; };
		704722451F66CD3F00F54D97 /* key.png in Resources */ = {isa = PBXBuildFile; fileRef = 704722431F66CD3F00F54D97 /* key.png */; };
		704722461F66CD3F00F54D97 /* setting.png in Resources */ = {isa = PBXBuildFile; fileRef = 704722441F66CD3F00F54D97 /* setting.png */; };
/* End PBXBuildFile section */

/* Begin PBXFileReference section */
		7047222E1F6568FA00F54D97 /* Swift test.app */ = {isa = PBXFileReference; explicitFileType = wrapper.application; includeInIndex = 0; path = "Swift test.app"; sourceTree = BUILT_PRODUCTS_DIR; };
		704722311F6568FA00F54D97 /* AppDelegate.swift */ = {isa = PBXFileReference; lastKnownFileType = sourcecode.swift; path = AppDelegate.swift; sourceTree = "<group>"; };
		704722331F6568FA00F54D97 /* ViewController.swift */ = {isa = PBXFileReference; lastKnownFileType = sourcecode.swift; path = ViewController.swift; sourceTree = "<group>"; };
		704722361F6568FA00F54D97 /* Base */ = {isa = PBXFileReference; lastKnownFileType = file.storyboard; name = Base; path = Base.lproj/Main.storyboard; sourceTree = "<group>"; };
		704722381F6568FA00F54D97 /* Assets.xcassets */ = {isa = PBXFileReference; lastKnownFileType = folder.assetcatalog; path = Assets.xcassets; sourceTree = "<group>"; };
		7047223B1F6568FA00F54D97 /* Base */ = {isa = PBXFileReference; lastKnownFileType = file.storyboard; name = Base; path = Base.lproj/LaunchScreen.storyboard; sourceTree = "<group>"; };
		7047223D1F6568FA00F54D97 /* Info.plist */ = {isa = PBXFileReference; lastKnownFileType = text.plist.xml; path = Info.plist; sourceTree = "<group>"; };
		704722431F66CD3F00F54D97 /* key.png */ = {isa = PBXFileReference; lastKnownFileType = image.png; path = key.png; sourceTree = "<group>"; };
		704722441F66CD3F00F54D97 /* setting.png */ = {isa = PBXFileReference; lastKnownFileType = image.png; path = setting.png; sourceTree = "<group>"; };
/* End PBXFileReference section */

/* Begin PBXFrameworksBuildPhase section */
		7047222B1F6568FA00F54D97 /* Frameworks */ = {
			isa = PBXFrameworksBuildPhase;
			buildActionMask = 2147483647;
			files = (
			);
			runOnlyForDeploymentPostprocessing = 0;
		};
/* End PBXFrameworksBuildPhase section */

/* Begin PBXGroup section */
		704722251F6568FA00F54D97 = {
			isa = PBXGroup;
			children = (
				704722301F6568FA00F54D97 /* Swift test */,
				7047222F1F6568FA00F54D97 /* Products */,
			);
			sourceTree = "<group>";
		};
		7047222F1F6568FA00F54D97 /* Products */ = {
			isa = PBXGroup;
			children = (
				7047222E1F6568FA00F54D97 /* Swift test.app */,
			);
			name = Products;
			sourceTree = "<group>";
		};
		704722301F6568FA00F54D97 /* Swift test */ = {
			isa = PBXGroup;
			children = (
				704722311F6568FA00F54D97 /* AppDelegate.swift */,
				704722431F66CD3F00F54D97 /* key.png */,
				704722441F66CD3F00F54D97 /* setting.png */,
				704722331F6568FA00F54D97 /* ViewController.swift */,
				704722351F6568FA00F54D97 /* Main.storyboard */,
				704722381F6568FA00F54D97 /* Assets.xcassets */,
				7047223A1F6568FA00F54D97 /* LaunchScreen.storyboard */,
				7047223D1F6568FA00F54D97 /* Info.plist */,
			);
			path = "Swift test";
			sourceTree = "<group>";
		};
/* End PBXGroup section */

/* Begin PBXNativeTarget section */
		7047222D1F6568FA00F54D97 /* Swift test */ = {
			isa = PBXNativeTarget;
			buildConfigurationList = 704722401F6568FA00F54D97 /* Build configuration list for PBXNativeTarget "Swift test" */;
			buildPhases = (
				7047222A1F6568FA00F54D97 /* Sources */,
				7047222B1F6568FA00F54D97 /* Frameworks */,
				7047222C1F6568FA00F54D97 /* Resources */,
			);
			buildRules = (
			);
			dependencies = (
			);
			name = "Swift test";
			productName = "Swift test";
			productReference = 7047222E1F6568FA00F54D97 /* Swift test.app */;
			productType = "com.apple.product-type.application";
		};
/* End PBXNativeTarget section */

/* Begin PBXProject section */
		704722261F6568FA00F54D97 /* Project object */ = {
			isa = PBXProject;
			attributes = {
				LastSwiftUpdateCheck = 0830;
				LastUpgradeCheck = 0830;
				ORGANIZATIONNAME = "日比野 佑亮";
				TargetAttributes = {
					7047222D1F6568FA00F54D97 = {
						CreatedOnToolsVersion = 8.3.3;
						ProvisioningStyle = Automatic;
					};
				};
			};
			buildConfigurationList = 704722291F6568FA00F54D97 /* Build configuration list for PBXProject "Swift test" */;
			compatibilityVersion = "Xcode 3.2";
			developmentRegion = English;
			hasScannedForEncodings = 0;
			knownRegions = (
				en,
				Base,
			);
			mainGroup = 704722251F6568FA00F54D97;
			productRefGroup = 7047222F1F6568FA00F54D97 /* Products */;
			projectDirPath = "";
			projectRoot = "";
			targets = (
				7047222D1F6568FA00F54D97 /* Swift test */,
			);
		};
/* End PBXProject section */

/* Begin PBXResourcesBuildPhase section */
		7047222C1F6568FA00F54D97 /* Resources */ = {
			isa = PBXResourcesBuildPhase;
			buildActionMask = 2147483647;
			files = (
				7047223C1F6568FA00F54D97 /* LaunchScreen.storyboard in Resources */,
				704722391F6568FA00F54D97 /* Assets.xcassets in Resources */,
				704722371F6568FA00F54D97 /* Main.storyboard in Resources */,
				704722461F66CD3F00F54D97 /* setting.png in Resources */,
				704722451F66CD3F00F54D97 /* key.png in Resources */,
			);
			runOnlyForDeploymentPostprocessing = 0;
		};
/* End PBXResourcesBuildPhase section */

/* Begin PBXSourcesBuildPhase section */
		7047222A1F6568FA00F54D97 /* Sources */ = {
			isa = PBXSourcesBuildPhase;
			buildActionMask = 2147483647;
			files = (
				704722341F6568FA00F54D97 /* ViewController.swift in Sources */,
				704722321F6568FA00F54D97 /* AppDelegate.swift in Sources */,
			);
			runOnlyForDeploymentPostprocessing = 0;
		};
/* End PBXSourcesBuildPhase section */

/* Begin PBXVariantGroup section */
		704722351F6568FA00F54D97 /* Main.storyboard */ = {
			isa = PBXVariantGroup;
			children = (
				704722361F6568FA00F54D97 /* Base */,
			);
			name = Main.storyboard;
			sourceTree = "<group>";
		};
		7047223A1F6568FA00F54D97 /* LaunchScreen.storyboard */ = {
			isa = PBXVariantGroup;
			children = (
				7047223B1F6568FA00F54D97 /* Base */,
			);
			name = LaunchScreen.storyboard;
			sourceTree = "<group>";
		};
/* End PBXVariantGroup section */

/* Begin XCBuildConfiguration section */
		7047223E1F6568FA00F54D97 /* Debug */ = {
			isa = XCBuildConfiguration;
			buildSettings = {
				ALWAYS_SEARCH_USER_PATHS = NO;
				CLANG_ANALYZER_NONNULL = YES;
				CLANG_ANALYZER_NUMBER_OBJECT_CONVERSION = YES_AGGRESSIVE;
				CLANG_CXX_LANGUAGE_STANDARD = "gnu++0x";
				CLANG_CXX_LIBRARY = "libc++";
				CLANG_ENABLE_MODULES = YES;
				CLANG_ENABLE_OBJC_ARC = YES;
				CLANG_WARN_BOOL_CONVERSION = YES;
				CLANG_WARN_CONSTANT_CONVERSION = YES;
				CLANG_WARN_DIRECT_OBJC_ISA_USAGE = YES_ERROR;
				CLANG_WARN_DOCUMENTATION_COMMENTS = YES;
				CLANG_WARN_EMPTY_BODY = YES;
				CLANG_WARN_ENUM_CONVERSION = YES;
				CLANG_WARN_INFINITE_RECURSION = YES;
				CLANG_WARN_INT_CONVERSION = YES;
				CLANG_WARN_OBJC_ROOT_CLASS = YES_ERROR;
				CLANG_WARN_SUSPICIOUS_MOVE = YES;
				CLANG_WARN_UNREACHABLE_CODE = YES;
				CLANG_WARN__DUPLICATE_METHOD_MATCH = YES;
				"CODE_SIGN_IDENTITY[sdk=iphoneos*]" = "iPhone Developer";
				COPY_PHASE_STRIP = NO;
				DEBUG_INFORMATION_FORMAT = dwarf;
				ENABLE_STRICT_OBJC_MSGSEND = YES;
				ENABLE_TESTABILITY = YES;
				GCC_C_LANGUAGE_STANDARD = gnu99;
				GCC_DYNAMIC_NO_PIC = NO;
				GCC_NO_COMMON_BLOCKS = YES;
				GCC_OPTIMIZATION_LEVEL = 0;
				GCC_PREPROCESSOR_DEFINITIONS = (
					"DEBUG=1",
					"$(inherited)",
				);
				GCC_WARN_64_TO_32_BIT_CONVERSION = YES;
				GCC_WARN_ABOUT_RETURN_TYPE = YES_ERROR;
				GCC_WARN_UNDECLARED_SELECTOR = YES;
				GCC_WARN_UNINITIALIZED_AUTOS = YES_AGGRESSIVE;
				GCC_WARN_UNUSED_FUNCTION = YES;
				GCC_WARN_UNUSED_VARIABLE = YES;
				IPHONEOS_DEPLOYMENT_TARGET = 10.3;
				MTL_ENABLE_DEBUG_INFO = YES;
				ONLY_ACTIVE_ARCH = YES;
				SDKROOT = iphoneos;
				SWIFT_ACTIVE_COMPILATION_CONDITIONS = DEBUG;
				SWIFT_OPTIMIZATION_LEVEL = "-Onone";
			};
			name = Debug;
		};
		7047223F1F6568FA00F54D97 /* Release */ = {
			isa = XCBuildConfiguration;
			buildSettings = {
				ALWAYS_SEARCH_USER_PATHS = NO;
				CLANG_ANALYZER_NONNULL = YES;
				CLANG_ANALYZER_NUMBER_OBJECT_CONVERSION = YES_AGGRESSIVE;
				CLANG_CXX_LANGUAGE_STANDARD = "gnu++0x";
				CLANG_CXX_LIBRARY = "libc++";
				CLANG_ENABLE_MODULES = YES;
				CLANG_ENABLE_OBJC_ARC = YES;
				CLANG_WARN_BOOL_CONVERSION = YES;
				CLANG_WARN_CONSTANT_CONVERSION = YES;
				CLANG_WARN_DIRECT_OBJC_ISA_USAGE = YES_ERROR;
				CLANG_WARN_DOCUMENTATION_COMMENTS = YES;
				CLANG_WARN_EMPTY_BODY = YES;
				CLANG_WARN_ENUM_CONVERSION = YES;
				CLANG_WARN_INFINITE_RECURSION = YES;
				CLANG_WARN_INT_CONVERSION = YES;
				CLANG_WARN_OBJC_ROOT_CLASS = YES_ERROR;
				CLANG_WARN_SUSPICIOUS_MOVE = YES;
				CLANG_WARN_UNREACHABLE_CODE = YES;
				CLANG_WARN__DUPLICATE_METHOD_MATCH = YES;
				"CODE_SIGN_IDENTITY[sdk=iphoneos*]" = "iPhone Developer";
				COPY_PHASE_STRIP = NO;
				DEBUG_INFORMATION_FORMAT = "dwarf-with-dsym";
				ENABLE_NS_ASSERTIONS = NO;
				ENABLE_STRICT_OBJC_MSGSEND = YES;
				GCC_C_LANGUAGE_STANDARD = gnu99;
				GCC_NO_COMMON_BLOCKS = YES;
				GCC_WARN_64_TO_32_BIT_CONVERSION = YES;
				GCC_WARN_ABOUT_RETURN_TYPE = YES_ERROR;
				GCC_WARN_UNDECLARED_SELECTOR = YES;
				GCC_WARN_UNINITIALIZED_AUTOS = YES_AGGRESSIVE;
				GCC_WARN_UNUSED_FUNCTION = YES;
				GCC_WARN_UNUSED_VARIABLE = YES;
				IPHONEOS_DEPLOYMENT_TARGET = 10.3;
				MTL_ENABLE_DEBUG_INFO = NO;
				SDKROOT = iphoneos;
				SWIFT_OPTIMIZATION_LEVEL = "-Owholemodule";
				VALIDATE_PRODUCT = YES;
			};
			name = Release;
		};
		704722411F6568FA00F54D97 /* Debug */ = {
			isa = XCBuildConfiguration;
			buildSettings = {
				ASSETCATALOG_COMPILER_APPICON_NAME = AppIcon;
				INFOPLIST_FILE = "Swift test/Info.plist";
				LD_RUNPATH_SEARCH_PATHS = "$(inherited) @executable_path/Frameworks";
				PRODUCT_BUNDLE_IDENTIFIER = "com.yusuke.Swift-test";
				PRODUCT_NAME = "$(TARGET_NAME)";
				SWIFT_VERSION = 3.0;
			};
			name = Debug;
		};
		704722421F6568FA00F54D97 /* Release */ = {
			isa = XCBuildConfiguration;
			buildSettings = {
				ASSETCATALOG_COMPILER_APPICON_NAME = AppIcon;
				INFOPLIST_FILE = "Swift test/Info.plist";
				LD_RUNPATH_SEARCH_PATHS = "$(inherited) @executable_path/Frameworks";
				PRODUCT_BUNDLE_IDENTIFIER = "com.yusuke.Swift-test";
				PRODUCT_NAME = "$(TARGET_NAME)";
				SWIFT_VERSION = 3.0;
			};
			name = Release;
		};
/* End XCBuildConfiguration section */

/* Begin XCConfigurationList section */
		704722291F6568FA00F54D97 /* Build configuration list for PBXProject "Swift test" */ = {
			isa = XCConfigurationList;
			buildConfigurations = (
				7047223E1F6568FA00F54D97 /* Debug */,
				7047223F1F6568FA00F54D97 /* Release */,
			);
			defaultConfigurationIsVisible = 0;
			defaultConfigurationName = Release;
		};
		704722401F6568FA00F54D97 /* Build configuration list for PBXNativeTarget "Swift test" */ = {
			isa = XCConfigurationList;
			buildConfigurations = (
				704722411F6568FA00F54D97 /* Debug */,
				704722421F6568FA00F54D97 /* Release */,
			);
			defaultConfigurationIsVisible = 0;
		};
/* End XCConfigurationList section */
	};
	rootObject = 704722261F6568FA00F54D97 /* Project object */;
}
